
Microsoft Visual Studio Solution File, Format Version 11.00
# Visual Studio 2010
Project("{FAE04EC0-301F-11D3-BF4B-00C04F79EFBC}") = "Assembly-CSharp", "Assembly-CSharp.csproj", "{C5FB4BCB-F2CE-99C8-99B5-9F2069C5C192}"
EndProject
Project("{FAE04EC0-301F-11D3-BF4B-00C04F79EFBC}") = "Assembly-CSharp-firstpass", "Assembly-CSharp-firstpass.csproj", "{D7ED55DA-2098-A9D9-0037-69A00C84281A}"
EndProject
Global
	GlobalSection(SolutionConfigurationPlatforms) = preSolution
		Debug|Any CPU = Debug|Any CPU
		Release|Any CPU = Release|Any CPU
	EndGlobalSection
	GlobalSection(ProjectConfigurationPlatforms) = postSolution
		{C5FB4BCB-F2CE-99C8-99B5-9F2069C5C192}.Debug|Any CPU.ActiveCfg = Debug|Any CPU
		{C5FB4BCB-F2CE-99C8-99B5-9F2069C5C192}.Debug|Any CPU.Build.0 = Debug|Any CPU
		{C5FB4BCB-F2CE-99C8-99B5-9F2069C5C192}.Release|Any CPU.ActiveCfg = Release|Any CPU
		{C5FB4BCB-F2CE-99C8-99B5-9F2069C5C192}.Release|Any CPU.Build.0 = Release|Any CPU
		{D7ED55DA-2098-A9D9-0037-69A00C84281A}.Debug|Any CPU.ActiveCfg = Debug|Any CPU
		{D7ED55DA-2098-A9D9-0037-69A00C84281A}.Debug|Any CPU.Build.0 = Debug|Any CPU
		{D7ED55DA-2098-A9D9-0037-69A00C84281A}.Release|Any CPU.ActiveCfg = Release|Any CPU
		{D7ED55DA-2098-A9D9-0037-69A00C84281A}.Release|Any CPU.Build.0 = Release|Any CPU
	EndGlobalSection
	GlobalSection(SolutionProperties) = preSolution
		HideSolutionNode = FALSE
	EndGlobalSection
	GlobalSection(MonoDevelopProperties) = preSolution
		StartupItem = Assembly-CSharp.csproj
	EndGlobalSection
EndGlobal
